
Microsoft Visual Studio Solution File, Format Version 12.00
# Visual Studio Version 17
VisualStudioVersion = 17.9.34622.214
MinimumVisualStudioVersion = 10.0.40219.1
Project("{9A19103F-16F7-4668-BE54-9A1E7A4F7556}") = "WealthMgmt.Core.Domain", "WealthMgmt.Core.Domain\WealthMgmt.Core.Domain.csproj", "{DB48579E-5AB6-489E-AABA-2A40A1CE8E06}"
EndProject
Project("{9A19103F-16F7-4668-BE54-9A1E7A4F7556}") = "WealthMgmt.Core.Application", "WealthMgmt.Core.Application\WealthMgmt.Core.Application.csproj", "{F3B9DF33-761E-4626-8EEF-F2110C7B1F77}"
EndProject
Project("{9A19103F-16F7-4668-BE54-9A1E7A4F7556}") = "WealthMgmt.API", "WealthMgmt.API\WealthMgmt.API.csproj", "{29051379-282F-4307-B376-4F02EFE968C1}"
EndProject
Global
	GlobalSection(SolutionConfigurationPlatforms) = preSolution
		Debug|Any CPU = Debug|Any CPU
		Release|Any CPU = Release|Any CPU
	EndGlobalSection
	GlobalSection(ProjectConfigurationPlatforms) = postSolution
		{DB48579E-5AB6-489E-AABA-2A40A1CE8E06}.Debug|Any CPU.ActiveCfg = Debug|Any CPU
		{DB48579E-5AB6-489E-AABA-2A40A1CE8E06}.Debug|Any CPU.Build.0 = Debug|Any CPU
		{DB48579E-5AB6-489E-AABA-2A40A1CE8E06}.Release|Any CPU.ActiveCfg = Release|Any CPU
		{DB48579E-5AB6-489E-AABA-2A40A1CE8E06}.Release|Any CPU.Build.0 = Release|Any CPU
		{F3B9DF33-761E-4626-8EEF-F2110C7B1F77}.Debug|Any CPU.ActiveCfg = Debug|Any CPU
		{F3B9DF33-761E-4626-8EEF-F2110C7B1F77}.Debug|Any CPU.Build.0 = Debug|Any CPU
		{F3B9DF33-761E-4626-8EEF-F2110C7B1F77}.Release|Any CPU.ActiveCfg = Release|Any CPU
		{F3B9DF33-761E-4626-8EEF-F2110C7B1F77}.Release|Any CPU.Build.0 = Release|Any CPU
		{29051379-282F-4307-B376-4F02EFE968C1}.Debug|Any CPU.ActiveCfg = Debug|Any CPU
		{29051379-282F-4307-B376-4F02EFE968C1}.Debug|Any CPU.Build.0 = Debug|Any CPU
		{29051379-282F-4307-B376-4F02EFE968C1}.Release|Any CPU.ActiveCfg = Release|Any CPU
		{29051379-282F-4307-B376-4F02EFE968C1}.Release|Any CPU.Build.0 = Release|Any CPU
	EndGlobalSection
	GlobalSection(SolutionProperties) = preSolution
		HideSolutionNode = FALSE
	EndGlobalSection
	GlobalSection(ExtensibilityGlobals) = postSolution
		SolutionGuid = {5BFD7E33-BE59-4424-9C3B-07BC9CCCC60C}
	EndGlobalSection
EndGlobal
